
Microsoft Visual Studio Solution File, Format Version 12.00
# Visual Studio Version 17
VisualStudioVersion = 17.9.34728.123
MinimumVisualStudioVersion = 10.0.40219.1
Project("{FAE04EC0-301F-11D3-BF4B-00C04F79EFBC}") = "inheritancevincode", "inheritancevincode\inheritancevincode.csproj", "{9DDC4F19-E0F3-4349-9A41-3044A7D07AC8}"
EndProject
Global
	GlobalSection(SolutionConfigurationPlatforms) = preSolution
		Debug|Any CPU = Debug|Any CPU
		Release|Any CPU = Release|Any CPU
	EndGlobalSection
	GlobalSection(ProjectConfigurationPlatforms) = postSolution
		{9DDC4F19-E0F3-4349-9A41-3044A7D07AC8}.Debug|Any CPU.ActiveCfg = Debug|Any CPU
		{9DDC4F19-E0F3-4349-9A41-3044A7D07AC8}.Debug|Any CPU.Build.0 = Debug|Any CPU
		{9DDC4F19-E0F3-4349-9A41-3044A7D07AC8}.Release|Any CPU.ActiveCfg = Release|Any CPU
		{9DDC4F19-E0F3-4349-9A41-3044A7D07AC8}.Release|Any CPU.Build.0 = Release|Any CPU
	EndGlobalSection
	GlobalSection(SolutionProperties) = preSolution
		HideSolutionNode = FALSE
	EndGlobalSection
	GlobalSection(ExtensibilityGlobals) = postSolution
		SolutionGuid = {BA75A023-0670-4392-AF68-6443F2F0D1C8}
	EndGlobalSection
EndGlobal
